// !$*UTF8*$!
{
	archiveVersion = 1;
	classes = {
	};
	objectVersion = 50;
	objects = {

/* Begin PBXBuildFile section */
		A10F3D50268CE64F007DA25F /* InspirationalViewController.swift in Sources */ = {isa = PBXBuildFile; fileRef = A10F3D4F268CE64F007DA25F /* InspirationalViewController.swift */; };
		A10F3D52268CE99A007DA25F /* MoodViewController.swift in Sources */ = {isa = PBXBuildFile; fileRef = A10F3D51268CE99A007DA25F /* MoodViewController.swift */; };
		A88D21B3268BACFF007CD787 /* AppDelegate.swift in Sources */ = {isa = PBXBuildFile; fileRef = A88D21B2268BACFF007CD787 /* AppDelegate.swift */; };
		A88D21B5268BACFF007CD787 /* SceneDelegate.swift in Sources */ = {isa = PBXBuildFile; fileRef = A88D21B4268BACFF007CD787 /* SceneDelegate.swift */; };
		A88D21B7268BACFF007CD787 /* ViewController.swift in Sources */ = {isa = PBXBuildFile; fileRef = A88D21B6268BACFF007CD787 /* ViewController.swift */; };
		A88D21BA268BACFF007CD787 /* Main.storyboard in Resources */ = {isa = PBXBuildFile; fileRef = A88D21B8268BACFF007CD787 /* Main.storyboard */; };
		A88D21BD268BACFF007CD787 /* smiling_mind.xcdatamodeld in Sources */ = {isa = PBXBuildFile; fileRef = A88D21BB268BACFF007CD787 /* smiling_mind.xcdatamodeld */; };
		A88D21BF268BAD00007CD787 /* Assets.xcassets in Resources */ = {isa = PBXBuildFile; fileRef = A88D21BE268BAD00007CD787 /* Assets.xcassets */; };
		A88D21C2268BAD00007CD787 /* LaunchScreen.storyboard in Resources */ = {isa = PBXBuildFile; fileRef = A88D21C0268BAD00007CD787 /* LaunchScreen.storyboard */; };
/* End PBXBuildFile section */

/* Begin PBXFileReference section */
		A10F3D4F268CE64F007DA25F /* InspirationalViewController.swift */ = {isa = PBXFileReference; lastKnownFileType = sourcecode.swift; path = InspirationalViewController.swift; sourceTree = "<group>"; };
		A10F3D51268CE99A007DA25F /* MoodViewController.swift */ = {isa = PBXFileReference; lastKnownFileType = sourcecode.swift; path = MoodViewController.swift; sourceTree = "<group>"; };
		A88D21AF268BACFF007CD787 /* smiling-mind.app */ = {isa = PBXFileReference; explicitFileType = wrapper.application; includeInIndex = 0; path = "smiling-mind.app"; sourceTree = BUILT_PRODUCTS_DIR; };
		A88D21B2268BACFF007CD787 /* AppDelegate.swift */ = {isa = PBXFileReference; lastKnownFileType = sourcecode.swift; path = AppDelegate.swift; sourceTree = "<group>"; };
		A88D21B4268BACFF007CD787 /* SceneDelegate.swift */ = {isa = PBXFileReference; lastKnownFileType = sourcecode.swift; path = SceneDelegate.swift; sourceTree = "<group>"; };
		A88D21B6268BACFF007CD787 /* ViewController.swift */ = {isa = PBXFileReference; lastKnownFileType = sourcecode.swift; path = ViewController.swift; sourceTree = "<group>"; };
		A88D21B9268BACFF007CD787 /* Base */ = {isa = PBXFileReference; lastKnownFileType = file.storyboard; name = Base; path = Base.lproj/Main.storyboard; sourceTree = "<group>"; };
		A88D21BC268BACFF007CD787 /* smiling_mind.xcdatamodel */ = {isa = PBXFileReference; lastKnownFileType = wrapper.xcdatamodel; path = smiling_mind.xcdatamodel; sourceTree = "<group>"; };
		A88D21BE268BAD00007CD787 /* Assets.xcassets */ = {isa = PBXFileReference; lastKnownFileType = folder.assetcatalog; path = Assets.xcassets; sourceTree = "<group>"; };
		A88D21C1268BAD00007CD787 /* Base */ = {isa = PBXFileReference; lastKnownFileType = file.storyboard; name = Base; path = Base.lproj/LaunchScreen.storyboard; sourceTree = "<group>"; };
		A88D21C3268BAD00007CD787 /* Info.plist */ = {isa = PBXFileReference; lastKnownFileType = text.plist.xml; path = Info.plist; sourceTree = "<group>"; };
/* End PBXFileReference section */

/* Begin PBXFrameworksBuildPhase section */
		A88D21AC268BACFF007CD787 /* Frameworks */ = {
			isa = PBXFrameworksBuildPhase;
			buildActionMask = 2147483647;
			files = (
			);
			runOnlyForDeploymentPostprocessing = 0;
		};
/* End PBXFrameworksBuildPhase section */

/* Begin PBXGroup section */
		A88D21A6268BACFF007CD787 = {
			isa = PBXGroup;
			children = (
				A88D21B1268BACFF007CD787 /* smiling-mind */,
				A88D21B0268BACFF007CD787 /* Products */,
			);
			sourceTree = "<group>";
		};
		A88D21B0268BACFF007CD787 /* Products */ = {
			isa = PBXGroup;
			children = (
				A88D21AF268BACFF007CD787 /* smiling-mind.app */,
			);
			name = Products;
			sourceTree = "<group>";
		};
		A88D21B1268BACFF007CD787 /* smiling-mind */ = {
			isa = PBXGroup;
			children = (
				A88D21B2268BACFF007CD787 /* AppDelegate.swift */,
				A88D21B4268BACFF007CD787 /* SceneDelegate.swift */,
				A88D21B6268BACFF007CD787 /* ViewController.swift */,
				A88D21B8268BACFF007CD787 /* Main.storyboard */,
				A88D21BE268BAD00007CD787 /* Assets.xcassets */,
				A88D21C0268BAD00007CD787 /* LaunchScreen.storyboard */,
				A88D21C3268BAD00007CD787 /* Info.plist */,
				A88D21BB268BACFF007CD787 /* smiling_mind.xcdatamodeld */,
				A10F3D4F268CE64F007DA25F /* InspirationalViewController.swift */,
				A10F3D51268CE99A007DA25F /* MoodViewController.swift */,
			);
			path = "smiling-mind";
			sourceTree = "<group>";
		};
/* End PBXGroup section */

/* Begin PBXNativeTarget section */
		A88D21AE268BACFF007CD787 /* smiling-mind */ = {
			isa = PBXNativeTarget;
			buildConfigurationList = A88D21C6268BAD00007CD787 /* Build configuration list for PBXNativeTarget "smiling-mind" */;
			buildPhases = (
				A88D21AB268BACFF007CD787 /* Sources */,
				A88D21AC268BACFF007CD787 /* Frameworks */,
				A88D21AD268BACFF007CD787 /* Resources */,
			);
			buildRules = (
			);
			dependencies = (
			);
			name = "smiling-mind";
			productName = "smiling-mind";
			productReference = A88D21AF268BACFF007CD787 /* smiling-mind.app */;
			productType = "com.apple.product-type.application";
		};
/* End PBXNativeTarget section */

/* Begin PBXProject section */
		A88D21A7268BACFF007CD787 /* Project object */ = {
			isa = PBXProject;
			attributes = {
				LastSwiftUpdateCheck = 1250;
				LastUpgradeCheck = 1250;
				TargetAttributes = {
					A88D21AE268BACFF007CD787 = {
						CreatedOnToolsVersion = 12.5;
					};
				};
			};
			buildConfigurationList = A88D21AA268BACFF007CD787 /* Build configuration list for PBXProject "smiling-mind" */;
			compatibilityVersion = "Xcode 9.3";
			developmentRegion = en;
			hasScannedForEncodings = 0;
			knownRegions = (
				en,
				Base,
			);
			mainGroup = A88D21A6268BACFF007CD787;
			productRefGroup = A88D21B0268BACFF007CD787 /* Products */;
			projectDirPath = "";
			projectRoot = "";
			targets = (
				A88D21AE268BACFF007CD787 /* smiling-mind */,
			);
		};
/* End PBXProject section */

/* Begin PBXResourcesBuildPhase section */
		A88D21AD268BACFF007CD787 /* Resources */ = {
			isa = PBXResourcesBuildPhase;
			buildActionMask = 2147483647;
			files = (
				A88D21C2268BAD00007CD787 /* LaunchScreen.storyboard in Resources */,
				A88D21BF268BAD00007CD787 /* Assets.xcassets in Resources */,
				A88D21BA268BACFF007CD787 /* Main.storyboard in Resources */,
			);
			runOnlyForDeploymentPostprocessing = 0;
		};
/* End PBXResourcesBuildPhase section */

/* Begin PBXSourcesBuildPhase section */
		A88D21AB268BACFF007CD787 /* Sources */ = {
			isa = PBXSourcesBuildPhase;
			buildActionMask = 2147483647;
			files = (
				A88D21B7268BACFF007CD787 /* ViewController.swift in Sources */,
				A88D21B3268BACFF007CD787 /* AppDelegate.swift in Sources */,
				A10F3D50268CE64F007DA25F /* InspirationalViewController.swift in Sources */,
				A88D21B5268BACFF007CD787 /* SceneDelegate.swift in Sources */,
				A88D21BD268BACFF007CD787 /* smiling_mind.xcdatamodeld in Sources */,
				A10F3D52268CE99A007DA25F /* MoodViewController.swift in Sources */,
			);
			runOnlyForDeploymentPostprocessing = 0;
		};
/* End PBXSourcesBuildPhase section */

/* Begin PBXVariantGroup section */
		A88D21B8268BACFF007CD787 /* Main.storyboard */ = {
			isa = PBXVariantGroup;
			children = (
				A88D21B9268BACFF007CD787 /* Base */,
			);
			name = Main.storyboard;
			sourceTree = "<group>";
		};
		A88D21C0268BAD00007CD787 /* LaunchScreen.storyboard */ = {
			isa = PBXVariantGroup;
			children = (
				A88D21C1268BAD00007CD787 /* Base */,
			);
			name = LaunchScreen.storyboard;
			sourceTree = "<group>";
		};
/* End PBXVariantGroup section */

/* Begin XCBuildConfiguration section */
		A88D21C4268BAD00007CD787 /* Debug */ = {
			isa = XCBuildConfiguration;
			buildSettings = {
				ALWAYS_SEARCH_USER_PATHS = NO;
				CLANG_ANALYZER_NONNULL = YES;
				CLANG_ANALYZER_NUMBER_OBJECT_CONVERSION = YES_AGGRESSIVE;
				CLANG_CXX_LANGUAGE_STANDARD = "gnu++14";
				CLANG_CXX_LIBRARY = "libc++";
				CLANG_ENABLE_MODULES = YES;
				CLANG_ENABLE_OBJC_ARC = YES;
				CLANG_ENABLE_OBJC_WEAK = YES;
				CLANG_WARN_BLOCK_CAPTURE_AUTORELEASING = YES;
				CLANG_WARN_BOOL_CONVERSION = YES;
				CLANG_WARN_COMMA = YES;
				CLANG_WARN_CONSTANT_CONVERSION = YES;
				CLANG_WARN_DEPRECATED_OBJC_IMPLEMENTATIONS = YES;
				CLANG_WARN_DIRECT_OBJC_ISA_USAGE = YES_ERROR;
				CLANG_WARN_DOCUMENTATION_COMMENTS = YES;
				CLANG_WARN_EMPTY_BODY = YES;
				CLANG_WARN_ENUM_CONVERSION = YES;
				CLANG_WARN_INFINITE_RECURSION = YES;
				CLANG_WARN_INT_CONVERSION = YES;
				CLANG_WARN_NON_LITERAL_NULL_CONVERSION = YES;
				CLANG_WARN_OBJC_IMPLICIT_RETAIN_SELF = YES;
				CLANG_WARN_OBJC_LITERAL_CONVERSION = YES;
				CLANG_WARN_OBJC_ROOT_CLASS = YES_ERROR;
				CLANG_WARN_QUOTED_INCLUDE_IN_FRAMEWORK_HEADER = YES;
				CLANG_WARN_RANGE_LOOP_ANALYSIS = YES;
				CLANG_WARN_STRICT_PROTOTYPES = YES;
				CLANG_WARN_SUSPICIOUS_MOVE = YES;
				CLANG_WARN_UNGUARDED_AVAILABILITY = YES_AGGRESSIVE;
				CLANG_WARN_UNREACHABLE_CODE = YES;
				CLANG_WARN__DUPLICATE_METHOD_MATCH = YES;
				COPY_PHASE_STRIP = NO;
				DEBUG_INFORMATION_FORMAT = dwarf;
				ENABLE_STRICT_OBJC_MSGSEND = YES;
				ENABLE_TESTABILITY = YES;
				GCC_C_LANGUAGE_STANDARD = gnu11;
				GCC_DYNAMIC_NO_PIC = NO;
				GCC_NO_COMMON_BLOCKS = YES;
				GCC_OPTIMIZATION_LEVEL = 0;
				GCC_PREPROCESSOR_DEFINITIONS = (
					"DEBUG=1",
					"$(inherited)",
				);
				GCC_WARN_64_TO_32_BIT_CONVERSION = YES;
				GCC_WARN_ABOUT_RETURN_TYPE = YES_ERROR;
				GCC_WARN_UNDECLARED_SELECTOR = YES;
				GCC_WARN_UNINITIALIZED_AUTOS = YES_AGGRESSIVE;
				GCC_WARN_UNUSED_FUNCTION = YES;
				GCC_WARN_UNUSED_VARIABLE = YES;
				IPHONEOS_DEPLOYMENT_TARGET = 14.5;
				MTL_ENABLE_DEBUG_INFO = INCLUDE_SOURCE;
				MTL_FAST_MATH = YES;
				ONLY_ACTIVE_ARCH = YES;
				SDKROOT = iphoneos;
				SWIFT_ACTIVE_COMPILATION_CONDITIONS = DEBUG;
				SWIFT_OPTIMIZATION_LEVEL = "-Onone";
			};
			name = Debug;
		};
		A88D21C5268BAD00007CD787 /* Release */ = {
			isa = XCBuildConfiguration;
			buildSettings = {
				ALWAYS_SEARCH_USER_PATHS = NO;
				CLANG_ANALYZER_NONNULL = YES;
				CLANG_ANALYZER_NUMBER_OBJECT_CONVERSION = YES_AGGRESSIVE;
				CLANG_CXX_LANGUAGE_STANDARD = "gnu++14";
				CLANG_CXX_LIBRARY = "libc++";
				CLANG_ENABLE_MODULES = YES;
				CLANG_ENABLE_OBJC_ARC = YES;
				CLANG_ENABLE_OBJC_WEAK = YES;
				CLANG_WARN_BLOCK_CAPTURE_AUTORELEASING = YES;
				CLANG_WARN_BOOL_CONVERSION = YES;
				CLANG_WARN_COMMA = YES;
				CLANG_WARN_CONSTANT_CONVERSION = YES;
				CLANG_WARN_DEPRECATED_OBJC_IMPLEMENTATIONS = YES;
				CLANG_WARN_DIRECT_OBJC_ISA_USAGE = YES_ERROR;
				CLANG_WARN_DOCUMENTATION_COMMENTS = YES;
				CLANG_WARN_EMPTY_BODY = YES;
				CLANG_WARN_ENUM_CONVERSION = YES;
				CLANG_WARN_INFINITE_RECURSION = YES;
				CLANG_WARN_INT_CONVERSION = YES;
				CLANG_WARN_NON_LITERAL_NULL_CONVERSION = YES;
				CLANG_WARN_OBJC_IMPLICIT_RETAIN_SELF = YES;
				CLANG_WARN_OBJC_LITERAL_CONVERSION = YES;
				CLANG_WARN_OBJC_ROOT_CLASS = YES_ERROR;
				CLANG_WARN_QUOTED_INCLUDE_IN_FRAMEWORK_HEADER = YES;
				CLANG_WARN_RANGE_LOOP_ANALYSIS = YES;
				CLANG_WARN_STRICT_PROTOTYPES = YES;
				CLANG_WARN_SUSPICIOUS_MOVE = YES;
				CLANG_WARN_UNGUARDED_AVAILABILITY = YES_AGGRESSIVE;
				CLANG_WARN_UNREACHABLE_CODE = YES;
				CLANG_WARN__DUPLICATE_METHOD_MATCH = YES;
				COPY_PHASE_STRIP = NO;
				DEBUG_INFORMATION_FORMAT = "dwarf-with-dsym";
				ENABLE_NS_ASSERTIONS = NO;
				ENABLE_STRICT_OBJC_MSGSEND = YES;
				GCC_C_LANGUAGE_STANDARD = gnu11;
				GCC_NO_COMMON_BLOCKS = YES;
				GCC_WARN_64_TO_32_BIT_CONVERSION = YES;
				GCC_WARN_ABOUT_RETURN_TYPE = YES_ERROR;
				GCC_WARN_UNDECLARED_SELECTOR = YES;
				GCC_WARN_UNINITIALIZED_AUTOS = YES_AGGRESSIVE;
				GCC_WARN_UNUSED_FUNCTION = YES;
				GCC_WARN_UNUSED_VARIABLE = YES;
				IPHONEOS_DEPLOYMENT_TARGET = 14.5;
				MTL_ENABLE_DEBUG_INFO = NO;
				MTL_FAST_MATH = YES;
				SDKROOT = iphoneos;
				SWIFT_COMPILATION_MODE = wholemodule;
				SWIFT_OPTIMIZATION_LEVEL = "-O";
				VALIDATE_PRODUCT = YES;
			};
			name = Release;
		};
		A88D21C7268BAD00007CD787 /* Debug */ = {
			isa = XCBuildConfiguration;
			buildSettings = {
				ASSETCATALOG_COMPILER_APPICON_NAME = AppIcon;
				ASSETCATALOG_COMPILER_GLOBAL_ACCENT_COLOR_NAME = AccentColor;
				CODE_SIGN_STYLE = Automatic;
				INFOPLIST_FILE = "smiling-mind/Info.plist";
				LD_RUNPATH_SEARCH_PATHS = (
					"$(inherited)",
					"@executable_path/Frameworks",
				);
				PRODUCT_BUNDLE_IDENTIFIER = "com.example.smiling-mind";
				PRODUCT_NAME = "$(TARGET_NAME)";
				SWIFT_VERSION = 5.0;
				TARGETED_DEVICE_FAMILY = "1,2";
			};
			name = Debug;
		};
		A88D21C8268BAD00007CD787 /* Release */ = {
			isa = XCBuildConfiguration;
			buildSettings = {
				ASSETCATALOG_COMPILER_APPICON_NAME = AppIcon;
				ASSETCATALOG_COMPILER_GLOBAL_ACCENT_COLOR_NAME = AccentColor;
				CODE_SIGN_STYLE = Automatic;
				INFOPLIST_FILE = "smiling-mind/Info.plist";
				LD_RUNPATH_SEARCH_PATHS = (
					"$(inherited)",
					"@executable_path/Frameworks",
				);
				PRODUCT_BUNDLE_IDENTIFIER = "com.example.smiling-mind";
				PRODUCT_NAME = "$(TARGET_NAME)";
				SWIFT_VERSION = 5.0;
				TARGETED_DEVICE_FAMILY = "1,2";
			};
			name = Release;
		};
/* End XCBuildConfiguration section */

/* Begin XCConfigurationList section */
		A88D21AA268BACFF007CD787 /* Build configuration list for PBXProject "smiling-mind" */ = {
			isa = XCConfigurationList;
			buildConfigurations = (
				A88D21C4268BAD00007CD787 /* Debug */,
				A88D21C5268BAD00007CD787 /* Release */,
			);
			defaultConfigurationIsVisible = 0;
			defaultConfigurationName = Release;
		};
		A88D21C6268BAD00007CD787 /* Build configuration list for PBXNativeTarget "smiling-mind" */ = {
			isa = XCConfigurationList;
			buildConfigurations = (
				A88D21C7268BAD00007CD787 /* Debug */,
				A88D21C8268BAD00007CD787 /* Release */,
			);
			defaultConfigurationIsVisible = 0;
			defaultConfigurationName = Release;
		};
/* End XCConfigurationList section */

/* Begin XCVersionGroup section */
		A88D21BB268BACFF007CD787 /* smiling_mind.xcdatamodeld */ = {
			isa = XCVersionGroup;
			children = (
				A88D21BC268BACFF007CD787 /* smiling_mind.xcdatamodel */,
			);
			currentVersion = A88D21BC268BACFF007CD787 /* smiling_mind.xcdatamodel */;
			path = smiling_mind.xcdatamodeld;
			sourceTree = "<group>";
			versionGroupType = wrapper.xcdatamodel;
		};
/* End XCVersionGroup section */
	};
	rootObject = A88D21A7268BACFF007CD787 /* Project object */;
}
